
Microsoft Visual Studio Solution File, Format Version 12.00
# Visual Studio Version 17
VisualStudioVersion = 17.0.31919.166
MinimumVisualStudioVersion = 10.0.40219.1
Project("{FAE04EC0-301F-11D3-BF4B-00C04F79EFBC}") = "View", "View.csproj", "{BAA60CAB-D75A-4EC7-A494-85308D0CF1D6}"
EndProject
Project("{FAE04EC0-301F-11D3-BF4B-00C04F79EFBC}") = "ViewModel", "..\ViewModel\ViewModel.csproj", "{6334CD6C-AC89-417E-AA03-C550124006EA}"
EndProject
Project("{FAE04EC0-301F-11D3-BF4B-00C04F79EFBC}") = "Model", "..\Model\Model.csproj", "{476FF393-1CEB-402B-B3C4-8AE7B920ACD5}"
EndProject
Project("{FAE04EC0-301F-11D3-BF4B-00C04F79EFBC}") = "Common", "..\Common\Common.csproj", "{A99E31D7-E3F8-4FF8-A85C-E07796528C02}"
EndProject
Global
	GlobalSection(SolutionConfigurationPlatforms) = preSolution
		Debug|Any CPU = Debug|Any CPU
		Release|Any CPU = Release|Any CPU
	EndGlobalSection
	GlobalSection(ProjectConfigurationPlatforms) = postSolution
		{BAA60CAB-D75A-4EC7-A494-85308D0CF1D6}.Debug|Any CPU.ActiveCfg = Debug|Any CPU
		{BAA60CAB-D75A-4EC7-A494-85308D0CF1D6}.Debug|Any CPU.Build.0 = Debug|Any CPU
		{BAA60CAB-D75A-4EC7-A494-85308D0CF1D6}.Release|Any CPU.ActiveCfg = Release|Any CPU
		{BAA60CAB-D75A-4EC7-A494-85308D0CF1D6}.Release|Any CPU.Build.0 = Release|Any CPU
		{6334CD6C-AC89-417E-AA03-C550124006EA}.Debug|Any CPU.ActiveCfg = Debug|Any CPU
		{6334CD6C-AC89-417E-AA03-C550124006EA}.Debug|Any CPU.Build.0 = Debug|Any CPU
		{6334CD6C-AC89-417E-AA03-C550124006EA}.Release|Any CPU.ActiveCfg = Release|Any CPU
		{6334CD6C-AC89-417E-AA03-C550124006EA}.Release|Any CPU.Build.0 = Release|Any CPU
		{476FF393-1CEB-402B-B3C4-8AE7B920ACD5}.Debug|Any CPU.ActiveCfg = Debug|Any CPU
		{476FF393-1CEB-402B-B3C4-8AE7B920ACD5}.Debug|Any CPU.Build.0 = Debug|Any CPU
		{476FF393-1CEB-402B-B3C4-8AE7B920ACD5}.Release|Any CPU.ActiveCfg = Release|Any CPU
		{476FF393-1CEB-402B-B3C4-8AE7B920ACD5}.Release|Any CPU.Build.0 = Release|Any CPU
		{A99E31D7-E3F8-4FF8-A85C-E07796528C02}.Debug|Any CPU.ActiveCfg = Debug|Any CPU
		{A99E31D7-E3F8-4FF8-A85C-E07796528C02}.Debug|Any CPU.Build.0 = Debug|Any CPU
		{A99E31D7-E3F8-4FF8-A85C-E07796528C02}.Release|Any CPU.ActiveCfg = Release|Any CPU
		{A99E31D7-E3F8-4FF8-A85C-E07796528C02}.Release|Any CPU.Build.0 = Release|Any CPU
	EndGlobalSection
	GlobalSection(SolutionProperties) = preSolution
		HideSolutionNode = FALSE
	EndGlobalSection
	GlobalSection(ExtensibilityGlobals) = postSolution
		SolutionGuid = {C27BD4AC-9A6E-4576-93FD-00A9E73E186A}
	EndGlobalSection
EndGlobal
